# THIS IS AN AUTOGENERATED FILE. DO NOT EDIT THIS FILE DIRECTLY.
# yarn lockfile v1


"@uirouter/angularjs@>=1.0.5":
  version "1.0.10"
  resolved "https://registry.yarnpkg.com/@uirouter/angularjs/-/angularjs-1.0.10.tgz#e18b0b65cd0d2d87165fad80294acfb2dc5e5277"
  dependencies:
    "@uirouter/core" "5.0.11"

"@uirouter/core@5.0.11":
  version "5.0.11"
  resolved "https://registry.yarnpkg.com/@uirouter/core/-/core-5.0.11.tgz#bec461fcda767d79c98f6647cc9313ef9e5de03a"

angular-animate@^1.6.6:
  version "1.6.6"
  resolved "https://registry.yarnpkg.com/angular-animate/-/angular-animate-1.6.6.tgz#6925647b141a040d241bf125040f1a150fcd8a70"

angular-aria@^1.6.6:
  version "1.6.6"
  resolved "https://registry.yarnpkg.com/angular-aria/-/angular-aria-1.6.6.tgz#58dd748e09564bc8409f739bde57b35fbee5b6a5"

angular-chart.js@^1.1.1:
  version "1.1.1"
  resolved "https://registry.yarnpkg.com/angular-chart.js/-/angular-chart.js-1.1.1.tgz#49f0e18d081762b6d4c9791e487aff2fbb30f5ae"
  dependencies:
    angular "1.x"
    chart.js "2.3.x"

angular-clock@^0.7.0:
  version "0.7.0"
  resolved "https://registry.yarnpkg.com/angular-clock/-/angular-clock-0.7.0.tgz#b2b6b4dcc25ec42c5e90c27e744eddb6b24bf5d7"

angular-cookies@^1.6.6:
  version "1.6.6"
  resolved "https://registry.yarnpkg.com/angular-cookies/-/angular-cookies-1.6.6.tgz#311642dafdbc4ff7cd69220b8925b88359fba148"

angular-loading-bar@^0.9.0:
  version "0.9.0"
  resolved "https://registry.yarnpkg.com/angular-loading-bar/-/angular-loading-bar-0.9.0.tgz#37ef52c25f102c216e7b3cdfd2fc5a5df9628e45"

angular-material-data-table@^0.10.10:
  version "0.10.10"
  resolved "https://registry.yarnpkg.com/angular-material-data-table/-/angular-material-data-table-0.10.10.tgz#229b402745ec1a146f07da8d1e526be6540849ee"

angular-material-expansion-panel@^0.7.2:
  version "0.7.2"
  resolved "https://registry.yarnpkg.com/angular-material-expansion-panel/-/angular-material-expansion-panel-0.7.2.tgz#8c257974dff177cc076208d03bdb0a832df84eac"

angular-material-icons@^0.7.1:
  version "0.7.1"
  resolved "https://registry.yarnpkg.com/angular-material-icons/-/angular-material-icons-0.7.1.tgz#e5eab4853b61c331f58f9e7e6e54b6e1d65e4f9b"
  dependencies:
    angular ">=1.3.0"

angular-material@^1.1.5:
  version "1.1.5"
  resolved "https://registry.yarnpkg.com/angular-material/-/angular-material-1.1.5.tgz#a5450cd8205e15a7691edc389476094cf86d592b"

angular-messages@^1.6.6:
  version "1.6.6"
  resolved "https://registry.yarnpkg.com/angular-messages/-/angular-messages-1.6.6.tgz#a9bb3fc5f971d745cd3a3bdbaabc6f1f4deb13f3"

angular-minicolors@^0.0.10:
  version "0.0.10"
  resolved "https://registry.yarnpkg.com/angular-minicolors/-/angular-minicolors-0.0.10.tgz#aed0e1544724c4b8b5b8d8ab28e58137e270dd77"

angular-route@^1.6.6:
  version "1.6.6"
  resolved "https://registry.yarnpkg.com/angular-route/-/angular-route-1.6.6.tgz#8c11748aa195c717b1b615a7e746442bfc7c61f4"

angular-sanitize@>=1.6.0, angular-sanitize@^1.6.6:
  version "1.6.6"
  resolved "https://registry.yarnpkg.com/angular-sanitize/-/angular-sanitize-1.6.6.tgz#0fd065a19931517fbece66596d325d72b6e06041"

angular-timeline@^1.7.0:
  version "1.7.0"
  resolved "https://registry.yarnpkg.com/angular-timeline/-/angular-timeline-1.7.0.tgz#d488bb1ef0e79af45fc27ef680d91cc41a761ceb"
  dependencies:
    angular "^1.3.15"

angular-ui-bootstrap@^2.5.6:
  version "2.5.6"
  resolved "https://registry.yarnpkg.com/angular-ui-bootstrap/-/angular-ui-bootstrap-2.5.6.tgz#23937322ec641a6fbee16498cc32452aa199e7c5"

angular-ui-carousel@^0.1.10:
  version "0.1.10"
  resolved "https://registry.yarnpkg.com/angular-ui-carousel/-/angular-ui-carousel-0.1.10.tgz#0a5b1066018b40e700b8c6ee34b0c97fc321952b"

angular-ui-router@^0.4.3:
  version "0.4.3"
  resolved "https://registry.yarnpkg.com/angular-ui-router/-/angular-ui-router-0.4.3.tgz#6c29546fe50b8d2f74614dcb8660d6fc40d6e167"
  dependencies:
    angular "^1.0.8"

angular-ui-utils@^0.1.1:
  version "0.1.1"
  resolved "https://registry.yarnpkg.com/angular-ui-utils/-/angular-ui-utils-0.1.1.tgz#ff8b5c4abb2aebeb08ee05d09a78c4cfbfb65009"

angular@1.6.6, angular@1.x, angular@>=1.3.0, angular@>=1.6.0, angular@^1.0.8, angular@^1.3.15, angular@^1.6.6:
  version "1.6.6"
  resolved "https://registry.yarnpkg.com/angular/-/angular-1.6.6.tgz#fd5a3cfb437ce382d854ee01120797978527cb64"

bootstrap@^3.3.7:
  version "3.3.7"
  resolved "https://registry.yarnpkg.com/bootstrap/-/bootstrap-3.3.7.tgz#5a389394549f23330875a3b150656574f8a9eb71"

chart.js@2.3.x:
  version "2.3.0"
  resolved "https://registry.yarnpkg.com/chart.js/-/chart.js-2.3.0.tgz#40460e48e2c417c05fc3325cd84f7b000dc7d7d6"
  dependencies:
    chartjs-color "^2.0.0"
    moment "^2.10.6"

chart.js@^2.6.0:
  version "2.7.1"
  resolved "https://registry.yarnpkg.com/chart.js/-/chart.js-2.7.1.tgz#ae90b4aa4ff1f02decd6b1a2a8dabfd73c9f9886"
  dependencies:
    chartjs-color "~2.2.0"
    moment "~2.18.0"

chartjs-color-string@^0.4.0:
  version "0.4.0"
  resolved "https://registry.yarnpkg.com/chartjs-color-string/-/chartjs-color-string-0.4.0.tgz#57748d4530ae28d8db0a5492182ba06dfdf2f468"
  dependencies:
    color-name "^1.0.0"

chartjs-color-string@^0.5.0:
  version "0.5.0"
  resolved "https://registry.yarnpkg.com/chartjs-color-string/-/chartjs-color-string-0.5.0.tgz#8d3752d8581d86687c35bfe2cb80ac5213ceb8c1"
  dependencies:
    color-name "^1.0.0"

chartjs-color@^2.0.0, chartjs-color@~2.2.0:
  version "2.2.0"
  resolved "https://registry.yarnpkg.com/chartjs-color/-/chartjs-color-2.2.0.tgz#84a2fb755787ed85c39dd6dd8c7b1d88429baeae"
  dependencies:
    chartjs-color-string "^0.5.0"
    color-convert "^0.5.3"

color-convert@^0.5.3:
  version "0.5.3"
  resolved "https://registry.yarnpkg.com/color-convert/-/color-convert-0.5.3.tgz#bdb6c69ce660fadffe0b0007cc447e1b9f7282bd"

color-name@^1.0.0, color-name@^1.1.2:
  version "1.1.3"
  resolved "https://registry.yarnpkg.com/color-name/-/color-name-1.1.3.tgz#a7d0558bd89c42f795dd42328f740831ca53bc25"

core-js@~2.3.0:
  version "2.3.0"
  resolved "https://registry.yarnpkg.com/core-js/-/core-js-2.3.0.tgz#fab83fbb0b2d8dc85fa636c4b9d34c75420c6d65"

core-util-is@~1.0.0:
  version "1.0.2"
  resolved "https://registry.yarnpkg.com/core-util-is/-/core-util-is-1.0.2.tgz#b5fd54220aa2bc5ab57aab7140c940754503c1a7"

cpf_cnpj@^0.2.0:
  version "0.2.0"
  resolved "https://registry.yarnpkg.com/cpf_cnpj/-/cpf_cnpj-0.2.0.tgz#a032c19242a38e8363edce4e78bb1fbe9d664aa5"

devextreme@^18.1.4:
  version "18.1.4"
  resolved "https://registry.yarnpkg.com/devextreme/-/devextreme-18.1.4.tgz#a1552df205bea37f6b50769c7bbcaa3b8fd9e81c"
  dependencies:
    jszip "^2.0.0 || ^3.0.0"

es6-promise@~3.0.2:
  version "3.0.2"
  resolved "https://registry.yarnpkg.com/es6-promise/-/es6-promise-3.0.2.tgz#010d5858423a5f118979665f46486a95c6ee2bb6"

immediate@~3.0.5:
  version "3.0.6"
  resolved "https://registry.yarnpkg.com/immediate/-/immediate-3.0.6.tgz#9db1dbd0faf8de6fbe0f5dd5e56bb606280de69b"

inherits@~2.0.1:
  version "2.0.3"
  resolved "https://registry.yarnpkg.com/inherits/-/inherits-2.0.3.tgz#633c2c83e3da42a502f52466022480f4208261de"

isarray@~1.0.0:
  version "1.0.0"
  resolved "https://registry.yarnpkg.com/isarray/-/isarray-1.0.0.tgz#bb935d48582cba168c06834957a54a3e07124f11"

jquery-minicolors@^2.1.10:
  version "2.1.10"
  resolved "https://registry.yarnpkg.com/jquery-minicolors/-/jquery-minicolors-2.1.10.tgz#b29eea541d9a32b4e26923168fb2c16271867379"
  dependencies:
    jquery ">= 1.7.x"

"jquery@>= 1.7.x", jquery@^3.2.1:
  version "3.2.1"
  resolved "https://registry.yarnpkg.com/jquery/-/jquery-3.2.1.tgz#5c4d9de652af6cd0a770154a631bba12b015c787"

"jszip@^2.0.0 || ^3.0.0":
  version "3.1.5"
  resolved "https://registry.yarnpkg.com/jszip/-/jszip-3.1.5.tgz#e3c2a6c6d706ac6e603314036d43cd40beefdf37"
  dependencies:
    core-js "~2.3.0"
    es6-promise "~3.0.2"
    lie "~3.1.0"
    pako "~1.0.2"
    readable-stream "~2.0.6"

lie@~3.1.0:
  version "3.1.1"
  resolved "https://registry.yarnpkg.com/lie/-/lie-3.1.1.tgz#9a436b2cc7746ca59de7a41fa469b3efb76bd87e"
  dependencies:
    immediate "~3.0.5"

moment@^2.10.6, moment@^2.18.1:
  version "2.19.1"
  resolved "https://registry.yarnpkg.com/moment/-/moment-2.19.1.tgz#56da1a2d1cbf01d38b7e1afc31c10bcfa1929167"

moment@^2.19.1:
  version "2.19.2"
  resolved "https://registry.yarnpkg.com/moment/-/moment-2.19.2.tgz#8a7f774c95a64550b4c7ebd496683908f9419dbe"

moment@~2.18.0:
  version "2.18.1"
  resolved "https://registry.yarnpkg.com/moment/-/moment-2.18.1.tgz#c36193dd3ce1c2eed2adb7c802dbbc77a81b1c0f"

ng-cpf-cnpj@^1.0.0:
  version "1.0.0"
  resolved "https://registry.yarnpkg.com/ng-cpf-cnpj/-/ng-cpf-cnpj-1.0.0.tgz#485db9b1934f7b07becdd489f1003d8a2f624186"

ng-filters-br@^1.1.1:
  version "1.1.1"
  resolved "https://registry.yarnpkg.com/ng-filters-br/-/ng-filters-br-1.1.1.tgz#f735add7290e2455db0e04c76b3ce821d52360c1"

ng-img-crop-npm@^0.3.2:
  version "0.3.2"
  resolved "https://registry.yarnpkg.com/ng-img-crop-npm/-/ng-img-crop-npm-0.3.2.tgz#1eeb6b24013aa0c42b3e45e0b1ba03183a8e87c2"

ng-material-datetimepicker@^1.9.6:
  version "1.9.6"
  resolved "https://registry.yarnpkg.com/ng-material-datetimepicker/-/ng-material-datetimepicker-1.9.6.tgz#5cfccafba9c7b24b7c0377b3d32bfd2eaa6d255a"
  dependencies:
    angular "^1.6.6"
    angular-animate "^1.6.6"
    angular-aria "^1.6.6"
    angular-material "^1.1.5"
    moment "^2.19.1"

ng-table-to-csv@^0.3.3:
  version "0.3.3"
  resolved "https://registry.yarnpkg.com/ng-table-to-csv/-/ng-table-to-csv-0.3.3.tgz#cf39a0e68045d81b5c2b52ba2ff46906e9d79d3d"

pako@~1.0.2:
  version "1.0.6"
  resolved "https://registry.yarnpkg.com/pako/-/pako-1.0.6.tgz#0101211baa70c4bca4a0f63f2206e97b7dfaf258"

process-nextick-args@~1.0.6:
  version "1.0.7"
  resolved "https://registry.yarnpkg.com/process-nextick-args/-/process-nextick-args-1.0.7.tgz#150e20b756590ad3f91093f25a4f2ad8bff30ba3"

qrcode-generator@^1.2.0:
  version "1.3.1"
  resolved "https://registry.yarnpkg.com/qrcode-generator/-/qrcode-generator-1.3.1.tgz#eedcbe967ceba5585f0f4b8d9d7916961a335369"

readable-stream@~2.0.6:
  version "2.0.6"
  resolved "https://registry.yarnpkg.com/readable-stream/-/readable-stream-2.0.6.tgz#8f90341e68a53ccc928788dacfcd11b36eb9b78e"
  dependencies:
    core-util-is "~1.0.0"
    inherits "~2.0.1"
    isarray "~1.0.0"
    process-nextick-args "~1.0.6"
    string_decoder "~0.10.x"
    util-deprecate "~1.0.1"

string_decoder@~0.10.x:
  version "0.10.31"
  resolved "https://registry.yarnpkg.com/string_decoder/-/string_decoder-0.10.31.tgz#62e203bc41766c6c28c9fc84301dab1c5310fa94"

tether@^1.4.0:
  version "1.4.1"
  resolved "https://registry.yarnpkg.com/tether/-/tether-1.4.1.tgz#78112ef21adf2aea68cd90e72185f43d9ffc44e8"

ui-router-breadcrumbs@^1.1.4:
  version "1.1.4"
  resolved "https://registry.yarnpkg.com/ui-router-breadcrumbs/-/ui-router-breadcrumbs-1.1.4.tgz#74cf1917b0a585620cbe620b55a45f2de7c1a326"
  dependencies:
    "@uirouter/angularjs" ">=1.0.5"
    angular ">=1.6.0"
    angular-sanitize ">=1.6.0"

util-deprecate@~1.0.1:
  version "1.0.2"
  resolved "https://registry.yarnpkg.com/util-deprecate/-/util-deprecate-1.0.2.tgz#450d4dc9fa70de732762fbd2d4a28981419a0ccf"

webcam@^3.1.1:
  version "3.1.1"
  resolved "https://registry.yarnpkg.com/webcam/-/webcam-3.1.1.tgz#804b895bd799d085d405a096764fc0a86d23d5e4"
